
Microsoft Visual Studio Solution File, Format Version 12.00
# Visual Studio 2012
Project("{FAE04EC0-301F-11D3-BF4B-00C04F79EFBC}") = "Texture the triangle", "Texture the triangle\Texture the triangle.csproj", "{854B6A44-65EA-411C-8F30-8A5223CE0D86}"
EndProject
Global
	GlobalSection(SolutionConfigurationPlatforms) = preSolution
		Debug|Any CPU = Debug|Any CPU
		Release|Any CPU = Release|Any CPU
	EndGlobalSection
	GlobalSection(ProjectConfigurationPlatforms) = postSolution
		{854B6A44-65EA-411C-8F30-8A5223CE0D86}.Debug|Any CPU.ActiveCfg = Debug|Any CPU
		{854B6A44-65EA-411C-8F30-8A5223CE0D86}.Debug|Any CPU.Build.0 = Debug|Any CPU
		{854B6A44-65EA-411C-8F30-8A5223CE0D86}.Release|Any CPU.ActiveCfg = Release|Any CPU
		{854B6A44-65EA-411C-8F30-8A5223CE0D86}.Release|Any CPU.Build.0 = Release|Any CPU
	EndGlobalSection
	GlobalSection(SolutionProperties) = preSolution
		HideSolutionNode = FALSE
	EndGlobalSection
EndGlobal
